
Microsoft Visual Studio Solution File, Format Version 12.00
# Visual Studio Version 16
VisualStudioVersion = 16.0.32228.343
MinimumVisualStudioVersion = 10.0.40219.1
Project("{9A19103F-16F7-4668-BE54-9A1E7A4F7556}") = "Entidades", "Entidades\Entidades.csproj", "{74B890F4-85A1-4F72-8860-041C07888456}"
EndProject
Project("{9A19103F-16F7-4668-BE54-9A1E7A4F7556}") = "MiCalculadora", "MiCalculadora\MiCalculadora.csproj", "{070A6DCA-8D11-47D9-9886-D7D70A2FAD83}"
EndProject
Global
	GlobalSection(SolutionConfigurationPlatforms) = preSolution
		Debug|Any CPU = Debug|Any CPU
		Release|Any CPU = Release|Any CPU
	EndGlobalSection
	GlobalSection(ProjectConfigurationPlatforms) = postSolution
		{74B890F4-85A1-4F72-8860-041C07888456}.Debug|Any CPU.ActiveCfg = Debug|Any CPU
		{74B890F4-85A1-4F72-8860-041C07888456}.Debug|Any CPU.Build.0 = Debug|Any CPU
		{74B890F4-85A1-4F72-8860-041C07888456}.Release|Any CPU.ActiveCfg = Release|Any CPU
		{74B890F4-85A1-4F72-8860-041C07888456}.Release|Any CPU.Build.0 = Release|Any CPU
		{070A6DCA-8D11-47D9-9886-D7D70A2FAD83}.Debug|Any CPU.ActiveCfg = Debug|Any CPU
		{070A6DCA-8D11-47D9-9886-D7D70A2FAD83}.Debug|Any CPU.Build.0 = Debug|Any CPU
		{070A6DCA-8D11-47D9-9886-D7D70A2FAD83}.Release|Any CPU.ActiveCfg = Release|Any CPU
		{070A6DCA-8D11-47D9-9886-D7D70A2FAD83}.Release|Any CPU.Build.0 = Release|Any CPU
	EndGlobalSection
	GlobalSection(SolutionProperties) = preSolution
		HideSolutionNode = FALSE
	EndGlobalSection
	GlobalSection(ExtensibilityGlobals) = postSolution
		SolutionGuid = {F370A8BA-A2E7-40CC-9998-F0A61DC15EBA}
	EndGlobalSection
EndGlobal
